
Microsoft Visual Studio Solution File, Format Version 12.00
# Visual Studio Version 17
VisualStudioVersion = 17.8.34525.116
MinimumVisualStudioVersion = 10.0.40219.1
Project("{FAE04EC0-301F-11D3-BF4B-00C04F79EFBC}") = "QsHfs", "QsHfs.csproj", "{255D3298-8B6B-4982-B2E7-C1CF0CBBE28B}"
EndProject
Global
	GlobalSection(SolutionConfigurationPlatforms) = preSolution
		Debug|Any CPU = Debug|Any CPU
		Release|Any CPU = Release|Any CPU
	EndGlobalSection
	GlobalSection(ProjectConfigurationPlatforms) = postSolution
		{255D3298-8B6B-4982-B2E7-C1CF0CBBE28B}.Debug|Any CPU.ActiveCfg = Debug|Any CPU
		{255D3298-8B6B-4982-B2E7-C1CF0CBBE28B}.Debug|Any CPU.Build.0 = Debug|Any CPU
		{255D3298-8B6B-4982-B2E7-C1CF0CBBE28B}.Release|Any CPU.ActiveCfg = Release|Any CPU
		{255D3298-8B6B-4982-B2E7-C1CF0CBBE28B}.Release|Any CPU.Build.0 = Release|Any CPU
	EndGlobalSection
	GlobalSection(SolutionProperties) = preSolution
		HideSolutionNode = FALSE
	EndGlobalSection
	GlobalSection(ExtensibilityGlobals) = postSolution
		SolutionGuid = {7AABBEB2-6C68-4C2E-8FC2-0FCC81C95D08}
	EndGlobalSection
EndGlobal
